
Microsoft Visual Studio Solution File, Format Version 12.00
# Visual Studio Version 16
VisualStudioVersion = 16.0.29509.3
MinimumVisualStudioVersion = 10.0.40219.1
Project("{FAE04EC0-301F-11D3-BF4B-00C04F79EFBC}") = "TV_Show_Ratings_Core_Web_App", "TV_Show_Ratings_Core_Web_App.csproj", "{0B09B7B7-52D8-4D7F-B9D5-302E8071117E}"
EndProject
Global
	GlobalSection(SolutionConfigurationPlatforms) = preSolution
		Debug|Any CPU = Debug|Any CPU
		Release|Any CPU = Release|Any CPU
	EndGlobalSection
	GlobalSection(ProjectConfigurationPlatforms) = postSolution
		{0B09B7B7-52D8-4D7F-B9D5-302E8071117E}.Debug|Any CPU.ActiveCfg = Debug|Any CPU
		{0B09B7B7-52D8-4D7F-B9D5-302E8071117E}.Debug|Any CPU.Build.0 = Debug|Any CPU
		{0B09B7B7-52D8-4D7F-B9D5-302E8071117E}.Release|Any CPU.ActiveCfg = Release|Any CPU
		{0B09B7B7-52D8-4D7F-B9D5-302E8071117E}.Release|Any CPU.Build.0 = Release|Any CPU
	EndGlobalSection
	GlobalSection(SolutionProperties) = preSolution
		HideSolutionNode = FALSE
	EndGlobalSection
	GlobalSection(ExtensibilityGlobals) = postSolution
		SolutionGuid = {D5C5DE04-CCCD-4CEC-86C4-380E74FC20C3}
	EndGlobalSection
EndGlobal
